
Microsoft Visual Studio Solution File, Format Version 12.00
# Visual Studio Version 17
VisualStudioVersion = 17.8.34330.188
MinimumVisualStudioVersion = 10.0.40219.1
Project("{9A19103F-16F7-4668-BE54-9A1E7A4F7556}") = "Platformer", "WinFormsApp1\Platformer.csproj", "{841752E9-6082-4AF4-8F06-E28E55137B04}"
EndProject
Global
	GlobalSection(SolutionConfigurationPlatforms) = preSolution
		Debug|Any CPU = Debug|Any CPU
		Release|Any CPU = Release|Any CPU
	EndGlobalSection
	GlobalSection(ProjectConfigurationPlatforms) = postSolution
		{841752E9-6082-4AF4-8F06-E28E55137B04}.Debug|Any CPU.ActiveCfg = Debug|Any CPU
		{841752E9-6082-4AF4-8F06-E28E55137B04}.Debug|Any CPU.Build.0 = Debug|Any CPU
		{841752E9-6082-4AF4-8F06-E28E55137B04}.Release|Any CPU.ActiveCfg = Release|Any CPU
		{841752E9-6082-4AF4-8F06-E28E55137B04}.Release|Any CPU.Build.0 = Release|Any CPU
	EndGlobalSection
	GlobalSection(SolutionProperties) = preSolution
		HideSolutionNode = FALSE
	EndGlobalSection
	GlobalSection(ExtensibilityGlobals) = postSolution
		SolutionGuid = {E0B029E0-E91E-4D8D-8120-B1D17889BD77}
	EndGlobalSection
EndGlobal
